
Microsoft Visual Studio Solution File, Format Version 12.00
# Visual Studio Version 16
VisualStudioVersion = 16.0.28729.10
MinimumVisualStudioVersion = 10.0.40219.1
Project("{FAE04EC0-301F-11D3-BF4B-00C04F79EFBC}") = "cafe", "cafe\cafe.csproj", "{BBBC90AB-EC61-4E10-9277-733D02F65F81}"
EndProject
Global
	GlobalSection(SolutionConfigurationPlatforms) = preSolution
		Debug|Any CPU = Debug|Any CPU
		Release|Any CPU = Release|Any CPU
	EndGlobalSection
	GlobalSection(ProjectConfigurationPlatforms) = postSolution
		{BBBC90AB-EC61-4E10-9277-733D02F65F81}.Debug|Any CPU.ActiveCfg = Debug|Any CPU
		{BBBC90AB-EC61-4E10-9277-733D02F65F81}.Debug|Any CPU.Build.0 = Debug|Any CPU
		{BBBC90AB-EC61-4E10-9277-733D02F65F81}.Release|Any CPU.ActiveCfg = Release|Any CPU
		{BBBC90AB-EC61-4E10-9277-733D02F65F81}.Release|Any CPU.Build.0 = Release|Any CPU
	EndGlobalSection
	GlobalSection(SolutionProperties) = preSolution
		HideSolutionNode = FALSE
	EndGlobalSection
	GlobalSection(ExtensibilityGlobals) = postSolution
		SolutionGuid = {06BDB5B6-0911-4C01-B06C-12107C54C0D0}
	EndGlobalSection
EndGlobal
